Microsoft Visual Studio Solution File, Format Version 12.00
# Visual Studio Version 17
VisualStudioVersion = 17.5.2.0
MinimumVisualStudioVersion = 10.0.40219.1
Project("{FAE04EC0-301F-11D3-BF4B-00C04F79EFBC}") = "ClaudeSDK101", "ClaudeSDK101.csproj", "{CEFD18A0-86E2-0354-8FAA-090DEACC58C8}"
EndProject
Global
	GlobalSection(SolutionConfigurationPlatforms) = preSolution
		Debug|Any CPU = Debug|Any CPU
		Release|Any CPU = Release|Any CPU
	EndGlobalSection
	GlobalSection(ProjectConfigurationPlatforms) = postSolution
		{CEFD18A0-86E2-0354-8FAA-090DEACC58C8}.Debug|Any CPU.ActiveCfg = Debug|Any CPU
		{CEFD18A0-86E2-0354-8FAA-090DEACC58C8}.Debug|Any CPU.Build.0 = Debug|Any CPU
		{CEFD18A0-86E2-0354-8FAA-090DEACC58C8}.Release|Any CPU.ActiveCfg = Release|Any CPU
		{CEFD18A0-86E2-0354-8FAA-090DEACC58C8}.Release|Any CPU.Build.0 = Release|Any CPU
	EndGlobalSection
	GlobalSection(SolutionProperties) = preSolution
		HideSolutionNode = FALSE
	EndGlobalSection
	GlobalSection(ExtensibilityGlobals) = postSolution
		SolutionGuid = {FA1F577B-B147-42F4-8170-1E9571118D4B}
	EndGlobalSection
EndGlobal
